
Microsoft Visual Studio Solution File, Format Version 12.00
# Visual Studio 2013
VisualStudioVersion = 12.0.21005.1
MinimumVisualStudioVersion = 10.0.40219.1
Project("{FAE04EC0-301F-11D3-BF4B-00C04F79EFBC}") = "SelfTaughtLearning", "SelfTaughtLearning\SelfTaughtLearning.csproj", "{BBDF0318-DD5D-471A-AAB1-B2263C9C455F}"
EndProject
Project("{FAE04EC0-301F-11D3-BF4B-00C04F79EFBC}") = "ColorFeaturesLearning", "ColorFeaturesLearning\ColorFeaturesLearning.csproj", "{C3EC3B62-08DC-4009-A9B8-5A066A297BD2}"
EndProject
Project("{FAE04EC0-301F-11D3-BF4B-00C04F79EFBC}") = "ConvolutionalNeuralNetwork", "ConvolutionalNeuralNetwork\ConvolutionalNeuralNetwork.csproj", "{F9202134-F3B8-4697-A24F-DFBB6A0D9B9D}"
EndProject
Project("{FAE04EC0-301F-11D3-BF4B-00C04F79EFBC}") = "UFLDLSolutions.Core", "UFLDLSolutions.Core\UFLDLSolutions.Core.csproj", "{428939D2-FEA5-4647-A2FE-CE1FCB453D69}"
EndProject
Global
	GlobalSection(SolutionConfigurationPlatforms) = preSolution
		Debug|Any CPU = Debug|Any CPU
		Release|Any CPU = Release|Any CPU
	EndGlobalSection
	GlobalSection(ProjectConfigurationPlatforms) = postSolution
		{BBDF0318-DD5D-471A-AAB1-B2263C9C455F}.Debug|Any CPU.ActiveCfg = Debug|Any CPU
		{BBDF0318-DD5D-471A-AAB1-B2263C9C455F}.Debug|Any CPU.Build.0 = Debug|Any CPU
		{BBDF0318-DD5D-471A-AAB1-B2263C9C455F}.Release|Any CPU.ActiveCfg = Release|Any CPU
		{BBDF0318-DD5D-471A-AAB1-B2263C9C455F}.Release|Any CPU.Build.0 = Release|Any CPU
		{C3EC3B62-08DC-4009-A9B8-5A066A297BD2}.Debug|Any CPU.ActiveCfg = Debug|Any CPU
		{C3EC3B62-08DC-4009-A9B8-5A066A297BD2}.Debug|Any CPU.Build.0 = Debug|Any CPU
		{C3EC3B62-08DC-4009-A9B8-5A066A297BD2}.Release|Any CPU.ActiveCfg = Release|Any CPU
		{C3EC3B62-08DC-4009-A9B8-5A066A297BD2}.Release|Any CPU.Build.0 = Release|Any CPU
		{F9202134-F3B8-4697-A24F-DFBB6A0D9B9D}.Debug|Any CPU.ActiveCfg = Debug|Any CPU
		{F9202134-F3B8-4697-A24F-DFBB6A0D9B9D}.Debug|Any CPU.Build.0 = Debug|Any CPU
		{F9202134-F3B8-4697-A24F-DFBB6A0D9B9D}.Release|Any CPU.ActiveCfg = Release|Any CPU
		{F9202134-F3B8-4697-A24F-DFBB6A0D9B9D}.Release|Any CPU.Build.0 = Release|Any CPU
		{428939D2-FEA5-4647-A2FE-CE1FCB453D69}.Debug|Any CPU.ActiveCfg = Debug|Any CPU
		{428939D2-FEA5-4647-A2FE-CE1FCB453D69}.Debug|Any CPU.Build.0 = Debug|Any CPU
		{428939D2-FEA5-4647-A2FE-CE1FCB453D69}.Release|Any CPU.ActiveCfg = Release|Any CPU
		{428939D2-FEA5-4647-A2FE-CE1FCB453D69}.Release|Any CPU.Build.0 = Release|Any CPU
	EndGlobalSection
	GlobalSection(SolutionProperties) = preSolution
		HideSolutionNode = FALSE
	EndGlobalSection
EndGlobal
